
Microsoft Visual Studio Solution File, Format Version 12.00
# Visual Studio 2017
Project("{FAE04EC0-301F-11D3-BF4B-00C04F79EFBC}") = "Audio", "Audio.csproj", "{AC46F67A-CFF0-B22C-0EBC-A358549981D0}"
EndProject
Project("{FAE04EC0-301F-11D3-BF4B-00C04F79EFBC}") = "Audio.Editor", "Audio.Editor.csproj", "{9FFE06BE-8ABC-1309-0549-BDB6AB1BA73D}"
EndProject
Global
	GlobalSection(SolutionConfigurationPlatforms) = preSolution
		Debug|Any CPU = Debug|Any CPU
		Release|Any CPU = Release|Any CPU
	EndGlobalSection
	GlobalSection(ProjectConfigurationPlatforms) = postSolution
		{AC46F67A-CFF0-B22C-0EBC-A358549981D0}.Debug|Any CPU.ActiveCfg = Debug|Any CPU
		{AC46F67A-CFF0-B22C-0EBC-A358549981D0}.Debug|Any CPU.Build.0 = Debug|Any CPU
		{AC46F67A-CFF0-B22C-0EBC-A358549981D0}.Release|Any CPU.ActiveCfg = Release|Any CPU
		{AC46F67A-CFF0-B22C-0EBC-A358549981D0}.Release|Any CPU.Build.0 = Release|Any CPU
		{9FFE06BE-8ABC-1309-0549-BDB6AB1BA73D}.Debug|Any CPU.ActiveCfg = Debug|Any CPU
		{9FFE06BE-8ABC-1309-0549-BDB6AB1BA73D}.Debug|Any CPU.Build.0 = Debug|Any CPU
		{9FFE06BE-8ABC-1309-0549-BDB6AB1BA73D}.Release|Any CPU.ActiveCfg = Release|Any CPU
		{9FFE06BE-8ABC-1309-0549-BDB6AB1BA73D}.Release|Any CPU.Build.0 = Release|Any CPU
	EndGlobalSection
	GlobalSection(SolutionProperties) = preSolution
		HideSolutionNode = FALSE
	EndGlobalSection
EndGlobal
